
Microsoft Visual Studio Solution File, Format Version 12.00
# Visual Studio 2013
VisualStudioVersion = 12.0.31101.0
MinimumVisualStudioVersion = 10.0.40219.1
Project("{A81B4A23-AF18-4B01-8944-84D6FB3D4B47}") = "Notes", "Notes\Notes.iceproj", "{C804F328-B19B-4A7B-9302-1CD7DBDFF30C}"
EndProject
Global
	GlobalSection(SolutionConfigurationPlatforms) = preSolution
		Debug|Any CPU = Debug|Any CPU
		Release|Any CPU = Release|Any CPU
	EndGlobalSection
	GlobalSection(ProjectConfigurationPlatforms) = postSolution
		{C804F328-B19B-4A7B-9302-1CD7DBDFF30C}.Debug|Any CPU.ActiveCfg = Debug|Any CPU
		{C804F328-B19B-4A7B-9302-1CD7DBDFF30C}.Debug|Any CPU.Build.0 = Debug|Any CPU
		{C804F328-B19B-4A7B-9302-1CD7DBDFF30C}.Release|Any CPU.ActiveCfg = Release|Any CPU
		{C804F328-B19B-4A7B-9302-1CD7DBDFF30C}.Release|Any CPU.Build.0 = Release|Any CPU
	EndGlobalSection
	GlobalSection(SolutionProperties) = preSolution
		HideSolutionNode = FALSE
	EndGlobalSection
EndGlobal
